
Microsoft Visual Studio Solution File, Format Version 12.00
# Visual Studio Version 17
VisualStudioVersion = 17.0.31903.59
MinimumVisualStudioVersion = 10.0.40219.1
Project("{FAE04EC0-301F-11D3-BF4B-00C04F79EFBC}") = "BilleteraElectronica", "BilleteraElectronica\BilleteraElectronica.csproj", "{CEF8C793-5E39-4BA5-9546-15F3849BA5E5}"
EndProject
Project("{FAE04EC0-301F-11D3-BF4B-00C04F79EFBC}") = "Programa", "Programa\Programa.csproj", "{3EE9E1B5-F75F-496C-A58A-AD256EFF4D9B}"
EndProject
Global
	GlobalSection(SolutionConfigurationPlatforms) = preSolution
		Debug|Any CPU = Debug|Any CPU
		Release|Any CPU = Release|Any CPU
	EndGlobalSection
	GlobalSection(SolutionProperties) = preSolution
		HideSolutionNode = FALSE
	EndGlobalSection
	GlobalSection(ProjectConfigurationPlatforms) = postSolution
		{CEF8C793-5E39-4BA5-9546-15F3849BA5E5}.Debug|Any CPU.ActiveCfg = Debug|Any CPU
		{CEF8C793-5E39-4BA5-9546-15F3849BA5E5}.Debug|Any CPU.Build.0 = Debug|Any CPU
		{CEF8C793-5E39-4BA5-9546-15F3849BA5E5}.Release|Any CPU.ActiveCfg = Release|Any CPU
		{CEF8C793-5E39-4BA5-9546-15F3849BA5E5}.Release|Any CPU.Build.0 = Release|Any CPU
		{3EE9E1B5-F75F-496C-A58A-AD256EFF4D9B}.Debug|Any CPU.ActiveCfg = Debug|Any CPU
		{3EE9E1B5-F75F-496C-A58A-AD256EFF4D9B}.Debug|Any CPU.Build.0 = Debug|Any CPU
		{3EE9E1B5-F75F-496C-A58A-AD256EFF4D9B}.Release|Any CPU.ActiveCfg = Release|Any CPU
		{3EE9E1B5-F75F-496C-A58A-AD256EFF4D9B}.Release|Any CPU.Build.0 = Release|Any CPU
	EndGlobalSection
EndGlobal
